// !$*UTF8*$!
{
	archiveVersion = 1;
	classes = {
	};
	objectVersion = 48;
	objects = {

/* Begin PBXBuildFile section */
		040A7C4720590BB00037E17A /* AppDelegate.swift in Sources */ = {isa = PBXBuildFile; fileRef = 040A7C4620590BB00037E17A /* AppDelegate.swift */; };
		040A7C4E20590BB00037E17A /* Assets.xcassets in Resources */ = {isa = PBXBuildFile; fileRef = 040A7C4D20590BB00037E17A /* Assets.xcassets */; };
		040A7C5120590BB00037E17A /* LaunchScreen.storyboard in Resources */ = {isa = PBXBuildFile; fileRef = 040A7C4F20590BB00037E17A /* LaunchScreen.storyboard */; };
		04167986205C9ACA008C5BCD /* MDGroupBuyController.swift in Sources */ = {isa = PBXBuildFile; fileRef = 04167985205C9ACA008C5BCD /* MDGroupBuyController.swift */; };
		04523262205C974F007E5989 /* MDDiscoveryController.swift in Sources */ = {isa = PBXBuildFile; fileRef = 04523261205C974F007E5989 /* MDDiscoveryController.swift */; };
		04860C2E205B67A5007F8B96 /* View.xib in Resources */ = {isa = PBXBuildFile; fileRef = 04860C2D205B67A5007F8B96 /* View.xib */; };
		04860C5E205B67F7007F8B96 /* Arena.storyboard in Resources */ = {isa = PBXBuildFile; fileRef = 04860C35205B67F7007F8B96 /* Arena.storyboard */; };
		04860C5F205B67F7007F8B96 /* View.xib in Resources */ = {isa = PBXBuildFile; fileRef = 04860C36205B67F7007F8B96 /* View.xib */; };
		04860C60205B67F7007F8B96 /* Discovery.storyboard in Resources */ = {isa = PBXBuildFile; fileRef = 04860C41205B67F7007F8B96 /* Discovery.storyboard */; };
		04860C61205B67F7007F8B96 /* View.xib in Resources */ = {isa = PBXBuildFile; fileRef = 04860C42205B67F7007F8B96 /* View.xib */; };
		04860C62205B67F7007F8B96 /* Hall.storyboard in Resources */ = {isa = PBXBuildFile; fileRef = 04860C48205B67F7007F8B96 /* Hall.storyboard */; };
		04860C63205B67F7007F8B96 /* View.xib in Resources */ = {isa = PBXBuildFile; fileRef = 04860C49205B67F7007F8B96 /* View.xib */; };
		04860C64205B67F7007F8B96 /* History.storyboard in Resources */ = {isa = PBXBuildFile; fileRef = 04860C4F205B67F7007F8B96 /* History.storyboard */; };
		04860C65205B67F7007F8B96 /* View.xib in Resources */ = {isa = PBXBuildFile; fileRef = 04860C50205B67F7007F8B96 /* View.xib */; };
		04860C66205B67F7007F8B96 /* View.xib in Resources */ = {isa = PBXBuildFile; fileRef = 04860C56205B67F7007F8B96 /* View.xib */; };
		04860C67205B67F7007F8B96 /* MyLottery.storyboard in Resources */ = {isa = PBXBuildFile; fileRef = 04860C5C205B67F7007F8B96 /* MyLottery.storyboard */; };
		04860C68205B67F7007F8B96 /* View.xib in Resources */ = {isa = PBXBuildFile; fileRef = 04860C5D205B67F7007F8B96 /* View.xib */; };
		04860C6A205B6842007F8B96 /* MDTabBarViewController.swift in Sources */ = {isa = PBXBuildFile; fileRef = 04860C69205B6842007F8B96 /* MDTabBarViewController.swift */; };
		04860C6C205B6C8B007F8B96 /* MDTabBar.swift in Sources */ = {isa = PBXBuildFile; fileRef = 04860C6B205B6C8B007F8B96 /* MDTabBar.swift */; };
		04860C6E205B7162007F8B96 /* MDTabBarButton.swift in Sources */ = {isa = PBXBuildFile; fileRef = 04860C6D205B7162007F8B96 /* MDTabBarButton.swift */; };
		04860C70205B9383007F8B96 /* MDNavigationController.swift in Sources */ = {isa = PBXBuildFile; fileRef = 04860C6F205B9383007F8B96 /* MDNavigationController.swift */; };
		04860C72205B9AA5007F8B96 /* MDArenaViewController.swift in Sources */ = {isa = PBXBuildFile; fileRef = 04860C71205B9AA5007F8B96 /* MDArenaViewController.swift */; };
		04860C74205BA089007F8B96 /* MDHallViewController.swift in Sources */ = {isa = PBXBuildFile; fileRef = 04860C73205BA089007F8B96 /* MDHallViewController.swift */; };
		04860C76205BA647007F8B96 /* PCH.swift in Sources */ = {isa = PBXBuildFile; fileRef = 04860C75205BA647007F8B96 /* PCH.swift */; };
		04860C78205BAF6A007F8B96 /* MDActivityView.swift in Sources */ = {isa = PBXBuildFile; fileRef = 04860C77205BAF6A007F8B96 /* MDActivityView.swift */; };
		04EEA679205CA10E00E0DB0A /* UIView+Extension.swift in Sources */ = {isa = PBXBuildFile; fileRef = 04EEA678205CA10E00E0DB0A /* UIView+Extension.swift */; };
		04EEA67B205CAB9400E0DB0A /* MDGroupBuyButton.swift in Sources */ = {isa = PBXBuildFile; fileRef = 04EEA67A205CAB9400E0DB0A /* MDGroupBuyButton.swift */; };
		04EEA67D205CBE6700E0DB0A /* MDLuckyController.swift in Sources */ = {isa = PBXBuildFile; fileRef = 04EEA67C205CBE6700E0DB0A /* MDLuckyController.swift */; };
/* End PBXBuildFile section */

/* Begin PBXFileReference section */
		040A7C4320590BB00037E17A /* Lottery(彩票).app */ = {isa = PBXFileReference; explicitFileType = wrapper.application; includeInIndex = 0; path = "Lottery(彩票).app"; sourceTree = BUILT_PRODUCTS_DIR; };
		040A7C4620590BB00037E17A /* AppDelegate.swift */ = {isa = PBXFileReference; lastKnownFileType = sourcecode.swift; path = AppDelegate.swift; sourceTree = "<group>"; };
		040A7C4D20590BB00037E17A /* Assets.xcassets */ = {isa = PBXFileReference; lastKnownFileType = folder.assetcatalog; path = Assets.xcassets; sourceTree = "<group>"; };
		040A7C5020590BB00037E17A /* Base */ = {isa = PBXFileReference; lastKnownFileType = file.storyboard; name = Base; path = Base.lproj/LaunchScreen.storyboard; sourceTree = "<group>"; };
		040A7C5220590BB00037E17A /* Info.plist */ = {isa = PBXFileReference; lastKnownFileType = text.plist.xml; path = Info.plist; sourceTree = "<group>"; };
		04167985205C9ACA008C5BCD /* MDGroupBuyController.swift */ = {isa = PBXFileReference; lastKnownFileType = sourcecode.swift; path = MDGroupBuyController.swift; sourceTree = "<group>"; };
		04523261205C974F007E5989 /* MDDiscoveryController.swift */ = {isa = PBXFileReference; lastKnownFileType = sourcecode.swift; path = MDDiscoveryController.swift; sourceTree = "<group>"; };
		04860C2D205B67A5007F8B96 /* View.xib */ = {isa = PBXFileReference; lastKnownFileType = file.xib; path = View.xib; sourceTree = "<group>"; };
		04860C35205B67F7007F8B96 /* Arena.storyboard */ = {isa = PBXFileReference; fileEncoding = 4; lastKnownFileType = file.storyboard; path = Arena.storyboard; sourceTree = "<group>"; };
		04860C36205B67F7007F8B96 /* View.xib */ = {isa = PBXFileReference; fileEncoding = 4; lastKnownFileType = file.xib; path = View.xib; sourceTree = "<group>"; };
		04860C41205B67F7007F8B96 /* Discovery.storyboard */ = {isa = PBXFileReference; fileEncoding = 4; lastKnownFileType = file.storyboard; path = Discovery.storyboard; sourceTree = "<group>"; };
		04860C42205B67F7007F8B96 /* View.xib */ = {isa = PBXFileReference; fileEncoding = 4; lastKnownFileType = file.xib; path = View.xib; sourceTree = "<group>"; };
		04860C48205B67F7007F8B96 /* Hall.storyboard */ = {isa = PBXFileReference; fileEncoding = 4; lastKnownFileType = file.storyboard; path = Hall.storyboard; sourceTree = "<group>"; };
		04860C49205B67F7007F8B96 /* View.xib */ = {isa = PBXFileReference; fileEncoding = 4; lastKnownFileType = file.xib; path = View.xib; sourceTree = "<group>"; };
		04860C4F205B67F7007F8B96 /* History.storyboard */ = {isa = PBXFileReference; fileEncoding = 4; lastKnownFileType = file.storyboard; path = History.storyboard; sourceTree = "<group>"; };
		04860C50205B67F7007F8B96 /* View.xib */ = {isa = PBXFileReference; fileEncoding = 4; lastKnownFileType = file.xib; path = View.xib; sourceTree = "<group>"; };
		04860C56205B67F7007F8B96 /* View.xib */ = {isa = PBXFileReference; fileEncoding = 4; lastKnownFileType = file.xib; path = View.xib; sourceTree = "<group>"; };
		04860C5C205B67F7007F8B96 /* MyLottery.storyboard */ = {isa = PBXFileReference; fileEncoding = 4; lastKnownFileType = file.storyboard; path = MyLottery.storyboard; sourceTree = "<group>"; };
		04860C5D205B67F7007F8B96 /* View.xib */ = {isa = PBXFileReference; fileEncoding = 4; lastKnownFileType = file.xib; path = View.xib; sourceTree = "<group>"; };
		04860C69205B6842007F8B96 /* MDTabBarViewController.swift */ = {isa = PBXFileReference; lastKnownFileType = sourcecode.swift; path = MDTabBarViewController.swift; sourceTree = "<group>"; };
		04860C6B205B6C8B007F8B96 /* MDTabBar.swift */ = {isa = PBXFileReference; lastKnownFileType = sourcecode.swift; path = MDTabBar.swift; sourceTree = "<group>"; };
		04860C6D205B7162007F8B96 /* MDTabBarButton.swift */ = {isa = PBXFileReference; lastKnownFileType = sourcecode.swift; path = MDTabBarButton.swift; sourceTree = "<group>"; };
		04860C6F205B9383007F8B96 /* MDNavigationController.swift */ = {isa = PBXFileReference; lastKnownFileType = sourcecode.swift; path = MDNavigationController.swift; sourceTree = "<group>"; };
		04860C71205B9AA5007F8B96 /* MDArenaViewController.swift */ = {isa = PBXFileReference; lastKnownFileType = sourcecode.swift; path = MDArenaViewController.swift; sourceTree = "<group>"; };
		04860C73205BA089007F8B96 /* MDHallViewController.swift */ = {isa = PBXFileReference; lastKnownFileType = sourcecode.swift; path = MDHallViewController.swift; sourceTree = "<group>"; };
		04860C75205BA647007F8B96 /* PCH.swift */ = {isa = PBXFileReference; lastKnownFileType = sourcecode.swift; path = PCH.swift; sourceTree = "<group>"; };
		04860C77205BAF6A007F8B96 /* MDActivityView.swift */ = {isa = PBXFileReference; lastKnownFileType = sourcecode.swift; path = MDActivityView.swift; sourceTree = "<group>"; };
		04EEA678205CA10E00E0DB0A /* UIView+Extension.swift */ = {isa = PBXFileReference; lastKnownFileType = sourcecode.swift; path = "UIView+Extension.swift"; sourceTree = "<group>"; };
		04EEA67A205CAB9400E0DB0A /* MDGroupBuyButton.swift */ = {isa = PBXFileReference; lastKnownFileType = sourcecode.swift; path = MDGroupBuyButton.swift; sourceTree = "<group>"; };
		04EEA67C205CBE6700E0DB0A /* MDLuckyController.swift */ = {isa = PBXFileReference; lastKnownFileType = sourcecode.swift; path = MDLuckyController.swift; sourceTree = "<group>"; };
/* End PBXFileReference section */

/* Begin PBXFrameworksBuildPhase section */
		040A7C4020590BB00037E17A /* Frameworks */ = {
			isa = PBXFrameworksBuildPhase;
			buildActionMask = 2147483647;
			files = (
			);
			runOnlyForDeploymentPostprocessing = 0;
		};
/* End PBXFrameworksBuildPhase section */

/* Begin PBXGroup section */
		040A7C3A20590BB00037E17A = {
			isa = PBXGroup;
			children = (
				040A7C4520590BB00037E17A /* Lottery(彩票) */,
				040A7C4420590BB00037E17A /* Products */,
			);
			sourceTree = "<group>";
		};
		040A7C4420590BB00037E17A /* Products */ = {
			isa = PBXGroup;
			children = (
				040A7C4320590BB00037E17A /* Lottery(彩票).app */,
			);
			name = Products;
			sourceTree = "<group>";
		};
		040A7C4520590BB00037E17A /* Lottery(彩票) */ = {
			isa = PBXGroup;
			children = (
				04860C2F205B67F7007F8B96 /* Classes */,
				04860C2C205B6638007F8B96 /* Others */,
				04860C2B205B6630007F8B96 /* ThirdKit */,
				04860C2A205B6627007F8B96 /* Common */,
				040A7C5820590D2E0037E17A /* Support Files */,
			);
			path = "Lottery(彩票)";
			sourceTree = "<group>";
		};
		040A7C5820590D2E0037E17A /* Support Files */ = {
			isa = PBXGroup;
			children = (
				040A7C4620590BB00037E17A /* AppDelegate.swift */,
				040A7C4D20590BB00037E17A /* Assets.xcassets */,
				040A7C4F20590BB00037E17A /* LaunchScreen.storyboard */,
				040A7C5220590BB00037E17A /* Info.plist */,
				04860C2D205B67A5007F8B96 /* View.xib */,
			);
			path = "Support Files";
			sourceTree = "<group>";
		};
		04860C2A205B6627007F8B96 /* Common */ = {
			isa = PBXGroup;
			children = (
				04860C75205BA647007F8B96 /* PCH.swift */,
				04EEA678205CA10E00E0DB0A /* UIView+Extension.swift */,
			);
			path = Common;
			sourceTree = "<group>";
		};
		04860C2B205B6630007F8B96 /* ThirdKit */ = {
			isa = PBXGroup;
			children = (
			);
			path = ThirdKit;
			sourceTree = "<group>";
		};
		04860C2C205B6638007F8B96 /* Others */ = {
			isa = PBXGroup;
			children = (
			);
			path = Others;
			sourceTree = "<group>";
		};
		04860C2F205B67F7007F8B96 /* Classes */ = {
			isa = PBXGroup;
			children = (
				04860C30205B67F7007F8B96 /* Arena */,
				04860C3C205B67F7007F8B96 /* Discovery */,
				04860C43205B67F7007F8B96 /* Hall */,
				04860C4A205B67F7007F8B96 /* History */,
				04860C51205B67F7007F8B96 /* Main */,
				04860C57205B67F7007F8B96 /* MyLottery */,
			);
			path = Classes;
			sourceTree = "<group>";
		};
		04860C30205B67F7007F8B96 /* Arena */ = {
			isa = PBXGroup;
			children = (
				04860C31205B67F7007F8B96 /* Controller */,
				04860C32205B67F7007F8B96 /* Model */,
				04860C33205B67F7007F8B96 /* Other */,
				04860C34205B67F7007F8B96 /* View */,
				04860C36205B67F7007F8B96 /* View.xib */,
			);
			path = Arena;
			sourceTree = "<group>";
		};
		04860C31205B67F7007F8B96 /* Controller */ = {
			isa = PBXGroup;
			children = (
				04860C71205B9AA5007F8B96 /* MDArenaViewController.swift */,
			);
			path = Controller;
			sourceTree = "<group>";
		};
		04860C32205B67F7007F8B96 /* Model */ = {
			isa = PBXGroup;
			children = (
			);
			path = Model;
			sourceTree = "<group>";
		};
		04860C33205B67F7007F8B96 /* Other */ = {
			isa = PBXGroup;
			children = (
			);
			path = Other;
			sourceTree = "<group>";
		};
		04860C34205B67F7007F8B96 /* View */ = {
			isa = PBXGroup;
			children = (
				04860C35205B67F7007F8B96 /* Arena.storyboard */,
			);
			path = View;
			sourceTree = "<group>";
		};
		04860C3C205B67F7007F8B96 /* Discovery */ = {
			isa = PBXGroup;
			children = (
				04860C3D205B67F7007F8B96 /* Controller */,
				04860C3E205B67F7007F8B96 /* Model */,
				04860C3F205B67F7007F8B96 /* Other */,
				04860C40205B67F7007F8B96 /* View */,
				04860C42205B67F7007F8B96 /* View.xib */,
			);
			path = Discovery;
			sourceTree = "<group>";
		};
		04860C3D205B67F7007F8B96 /* Controller */ = {
			isa = PBXGroup;
			children = (
				04523261205C974F007E5989 /* MDDiscoveryController.swift */,
				04167985205C9ACA008C5BCD /* MDGroupBuyController.swift */,
				04EEA67C205CBE6700E0DB0A /* MDLuckyController.swift */,
			);
			path = Controller;
			sourceTree = "<group>";
		};
		04860C3E205B67F7007F8B96 /* Model */ = {
			isa = PBXGroup;
			children = (
			);
			path = Model;
			sourceTree = "<group>";
		};
		04860C3F205B67F7007F8B96 /* Other */ = {
			isa = PBXGroup;
			children = (
			);
			path = Other;
			sourceTree = "<group>";
		};
		04860C40205B67F7007F8B96 /* View */ = {
			isa = PBXGroup;
			children = (
				04860C41205B67F7007F8B96 /* Discovery.storyboard */,
				04EEA67A205CAB9400E0DB0A /* MDGroupBuyButton.swift */,
			);
			path = View;
			sourceTree = "<group>";
		};
		04860C43205B67F7007F8B96 /* Hall */ = {
			isa = PBXGroup;
			children = (
				04860C44205B67F7007F8B96 /* Controller */,
				04860C45205B67F7007F8B96 /* Model */,
				04860C46205B67F7007F8B96 /* Other */,
				04860C47205B67F7007F8B96 /* View */,
				04860C49205B67F7007F8B96 /* View.xib */,
			);
			path = Hall;
			sourceTree = "<group>";
		};
		04860C44205B67F7007F8B96 /* Controller */ = {
			isa = PBXGroup;
			children = (
				04860C73205BA089007F8B96 /* MDHallViewController.swift */,
			);
			path = Controller;
			sourceTree = "<group>";
		};
		04860C45205B67F7007F8B96 /* Model */ = {
			isa = PBXGroup;
			children = (
			);
			path = Model;
			sourceTree = "<group>";
		};
		04860C46205B67F7007F8B96 /* Other */ = {
			isa = PBXGroup;
			children = (
			);
			path = Other;
			sourceTree = "<group>";
		};
		04860C47205B67F7007F8B96 /* View */ = {
			isa = PBXGroup;
			children = (
				04860C48205B67F7007F8B96 /* Hall.storyboard */,
				04860C77205BAF6A007F8B96 /* MDActivityView.swift */,
			);
			path = View;
			sourceTree = "<group>";
		};
		04860C4A205B67F7007F8B96 /* History */ = {
			isa = PBXGroup;
			children = (
				04860C4B205B67F7007F8B96 /* Controller */,
				04860C4C205B67F7007F8B96 /* Model */,
				04860C4D205B67F7007F8B96 /* Other */,
				04860C4E205B67F7007F8B96 /* View */,
				04860C50205B67F7007F8B96 /* View.xib */,
			);
			path = History;
			sourceTree = "<group>";
		};
		04860C4B205B67F7007F8B96 /* Controller */ = {
			isa = PBXGroup;
			children = (
			);
			path = Controller;
			sourceTree = "<group>";
		};
		04860C4C205B67F7007F8B96 /* Model */ = {
			isa = PBXGroup;
			children = (
			);
			path = Model;
			sourceTree = "<group>";
		};
		04860C4D205B67F7007F8B96 /* Other */ = {
			isa = PBXGroup;
			children = (
			);
			path = Other;
			sourceTree = "<group>";
		};
		04860C4E205B67F7007F8B96 /* View */ = {
			isa = PBXGroup;
			children = (
				04860C4F205B67F7007F8B96 /* History.storyboard */,
			);
			path = View;
			sourceTree = "<group>";
		};
		04860C51205B67F7007F8B96 /* Main */ = {
			isa = PBXGroup;
			children = (
				04860C52205B67F7007F8B96 /* Controller */,
				04860C53205B67F7007F8B96 /* Model */,
				04860C54205B67F7007F8B96 /* Other */,
				04860C55205B67F7007F8B96 /* View */,
				04860C56205B67F7007F8B96 /* View.xib */,
			);
			path = Main;
			sourceTree = "<group>";
		};
		04860C52205B67F7007F8B96 /* Controller */ = {
			isa = PBXGroup;
			children = (
				04860C69205B6842007F8B96 /* MDTabBarViewController.swift */,
				04860C6F205B9383007F8B96 /* MDNavigationController.swift */,
			);
			path = Controller;
			sourceTree = "<group>";
		};
		04860C53205B67F7007F8B96 /* Model */ = {
			isa = PBXGroup;
			children = (
			);
			path = Model;
			sourceTree = "<group>";
		};
		04860C54205B67F7007F8B96 /* Other */ = {
			isa = PBXGroup;
			children = (
			);
			path = Other;
			sourceTree = "<group>";
		};
		04860C55205B67F7007F8B96 /* View */ = {
			isa = PBXGroup;
			children = (
				04860C6B205B6C8B007F8B96 /* MDTabBar.swift */,
				04860C6D205B7162007F8B96 /* MDTabBarButton.swift */,
			);
			path = View;
			sourceTree = "<group>";
		};
		04860C57205B67F7007F8B96 /* MyLottery */ = {
			isa = PBXGroup;
			children = (
				04860C58205B67F7007F8B96 /* Controller */,
				04860C59205B67F7007F8B96 /* Model */,
				04860C5A205B67F7007F8B96 /* Other */,
				04860C5B205B67F7007F8B96 /* View */,
				04860C5D205B67F7007F8B96 /* View.xib */,
			);
			path = MyLottery;
			sourceTree = "<group>";
		};
		04860C58205B67F7007F8B96 /* Controller */ = {
			isa = PBXGroup;
			children = (
			);
			path = Controller;
			sourceTree = "<group>";
		};
		04860C59205B67F7007F8B96 /* Model */ = {
			isa = PBXGroup;
			children = (
			);
			path = Model;
			sourceTree = "<group>";
		};
		04860C5A205B67F7007F8B96 /* Other */ = {
			isa = PBXGroup;
			children = (
			);
			path = Other;
			sourceTree = "<group>";
		};
		04860C5B205B67F7007F8B96 /* View */ = {
			isa = PBXGroup;
			children = (
				04860C5C205B67F7007F8B96 /* MyLottery.storyboard */,
			);
			path = View;
			sourceTree = "<group>";
		};
/* End PBXGroup section */

/* Begin PBXNativeTarget section */
		040A7C4220590BB00037E17A /* Lottery(彩票) */ = {
			isa = PBXNativeTarget;
			buildConfigurationList = 040A7C5520590BB00037E17A /* Build configuration list for PBXNativeTarget "Lottery(彩票)" */;
			buildPhases = (
				040A7C3F20590BB00037E17A /* Sources */,
				040A7C4020590BB00037E17A /* Frameworks */,
				040A7C4120590BB00037E17A /* Resources */,
			);
			buildRules = (
			);
			dependencies = (
			);
			name = "Lottery(彩票)";
			productName = "Lottery(彩票)";
			productReference = 040A7C4320590BB00037E17A /* Lottery(彩票).app */;
			productType = "com.apple.product-type.application";
		};
/* End PBXNativeTarget section */

/* Begin PBXProject section */
		040A7C3B20590BB00037E17A /* Project object */ = {
			isa = PBXProject;
			attributes = {
				CLASSPREFIX = MD;
				LastSwiftUpdateCheck = 0920;
				LastUpgradeCheck = 0920;
				ORGANIZATIONNAME = modi;
				TargetAttributes = {
					040A7C4220590BB00037E17A = {
						CreatedOnToolsVersion = 9.2;
						ProvisioningStyle = Automatic;
					};
				};
			};
			buildConfigurationList = 040A7C3E20590BB00037E17A /* Build configuration list for PBXProject "Lottery(彩票)" */;
			compatibilityVersion = "Xcode 8.0";
			developmentRegion = en;
			hasScannedForEncodings = 0;
			knownRegions = (
				en,
				Base,
			);
			mainGroup = 040A7C3A20590BB00037E17A;
			productRefGroup = 040A7C4420590BB00037E17A /* Products */;
			projectDirPath = "";
			projectRoot = "";
			targets = (
				040A7C4220590BB00037E17A /* Lottery(彩票) */,
			);
		};
/* End PBXProject section */

/* Begin PBXResourcesBuildPhase section */
		040A7C4120590BB00037E17A /* Resources */ = {
			isa = PBXResourcesBuildPhase;
			buildActionMask = 2147483647;
			files = (
				04860C68205B67F7007F8B96 /* View.xib in Resources */,
				04860C65205B67F7007F8B96 /* View.xib in Resources */,
				04860C61205B67F7007F8B96 /* View.xib in Resources */,
				04860C2E205B67A5007F8B96 /* View.xib in Resources */,
				04860C5F205B67F7007F8B96 /* View.xib in Resources */,
				04860C66205B67F7007F8B96 /* View.xib in Resources */,
				04860C64205B67F7007F8B96 /* History.storyboard in Resources */,
				040A7C5120590BB00037E17A /* LaunchScreen.storyboard in Resources */,
				04860C63205B67F7007F8B96 /* View.xib in Resources */,
				04860C5E205B67F7007F8B96 /* Arena.storyboard in Resources */,
				04860C67205B67F7007F8B96 /* MyLottery.storyboard in Resources */,
				040A7C4E20590BB00037E17A /* Assets.xcassets in Resources */,
				04860C60205B67F7007F8B96 /* Discovery.storyboard in Resources */,
				04860C62205B67F7007F8B96 /* Hall.storyboard in Resources */,
			);
			runOnlyForDeploymentPostprocessing = 0;
		};
/* End PBXResourcesBuildPhase section */

/* Begin PBXSourcesBuildPhase section */
		040A7C3F20590BB00037E17A /* Sources */ = {
			isa = PBXSourcesBuildPhase;
			buildActionMask = 2147483647;
			files = (
				04860C6E205B7162007F8B96 /* MDTabBarButton.swift in Sources */,
				04EEA67D205CBE6700E0DB0A /* MDLuckyController.swift in Sources */,
				04860C72205B9AA5007F8B96 /* MDArenaViewController.swift in Sources */,
				04167986205C9ACA008C5BCD /* MDGroupBuyController.swift in Sources */,
				04860C74205BA089007F8B96 /* MDHallViewController.swift in Sources */,
				040A7C4720590BB00037E17A /* AppDelegate.swift in Sources */,
				04860C6A205B6842007F8B96 /* MDTabBarViewController.swift in Sources */,
				04EEA679205CA10E00E0DB0A /* UIView+Extension.swift in Sources */,
				04523262205C974F007E5989 /* MDDiscoveryController.swift in Sources */,
				04EEA67B205CAB9400E0DB0A /* MDGroupBuyButton.swift in Sources */,
				04860C6C205B6C8B007F8B96 /* MDTabBar.swift in Sources */,
				04860C70205B9383007F8B96 /* MDNavigationController.swift in Sources */,
				04860C76205BA647007F8B96 /* PCH.swift in Sources */,
				04860C78205BAF6A007F8B96 /* MDActivityView.swift in Sources */,
			);
			runOnlyForDeploymentPostprocessing = 0;
		};
/* End PBXSourcesBuildPhase section */

/* Begin PBXVariantGroup section */
		040A7C4F20590BB00037E17A /* LaunchScreen.storyboard */ = {
			isa = PBXVariantGroup;
			children = (
				040A7C5020590BB00037E17A /* Base */,
			);
			name = LaunchScreen.storyboard;
			sourceTree = "<group>";
		};
/* End PBXVariantGroup section */

/* Begin XCBuildConfiguration section */
		040A7C5320590BB00037E17A /* Debug */ = {
			isa = XCBuildConfiguration;
			buildSettings = {
				ALWAYS_SEARCH_USER_PATHS = NO;
				CLANG_ANALYZER_NONNULL = YES;
				CLANG_ANALYZER_NUMBER_OBJECT_CONVERSION = YES_AGGRESSIVE;
				CLANG_CXX_LANGUAGE_STANDARD = "gnu++14";
				CLANG_CXX_LIBRARY = "libc++";
				CLANG_ENABLE_MODULES = YES;
				CLANG_ENABLE_OBJC_ARC = YES;
				CLANG_WARN_BLOCK_CAPTURE_AUTORELEASING = YES;
				CLANG_WARN_BOOL_CONVERSION = YES;
				CLANG_WARN_COMMA = YES;
				CLANG_WARN_CONSTANT_CONVERSION = YES;
				CLANG_WARN_DIRECT_OBJC_ISA_USAGE = YES_ERROR;
				CLANG_WARN_DOCUMENTATION_COMMENTS = YES;
				CLANG_WARN_EMPTY_BODY = YES;
				CLANG_WARN_ENUM_CONVERSION = YES;
				CLANG_WARN_INFINITE_RECURSION = YES;
				CLANG_WARN_INT_CONVERSION = YES;
				CLANG_WARN_NON_LITERAL_NULL_CONVERSION = YES;
				CLANG_WARN_OBJC_LITERAL_CONVERSION = YES;
				CLANG_WARN_OBJC_ROOT_CLASS = YES_ERROR;
				CLANG_WARN_RANGE_LOOP_ANALYSIS = YES;
				CLANG_WARN_STRICT_PROTOTYPES = YES;
				CLANG_WARN_SUSPICIOUS_MOVE = YES;
				CLANG_WARN_UNGUARDED_AVAILABILITY = YES_AGGRESSIVE;
				CLANG_WARN_UNREACHABLE_CODE = YES;
				CLANG_WARN__DUPLICATE_METHOD_MATCH = YES;
				CODE_SIGN_IDENTITY = "iPhone Developer";
				COPY_PHASE_STRIP = NO;
				DEBUG_INFORMATION_FORMAT = dwarf;
				ENABLE_STRICT_OBJC_MSGSEND = YES;
				ENABLE_TESTABILITY = YES;
				GCC_C_LANGUAGE_STANDARD = gnu11;
				GCC_DYNAMIC_NO_PIC = NO;
				GCC_NO_COMMON_BLOCKS = YES;
				GCC_OPTIMIZATION_LEVEL = 0;
				GCC_PREPROCESSOR_DEFINITIONS = (
					"DEBUG=1",
					"$(inherited)",
				);
				GCC_WARN_64_TO_32_BIT_CONVERSION = YES;
				GCC_WARN_ABOUT_RETURN_TYPE = YES_ERROR;
				GCC_WARN_UNDECLARED_SELECTOR = YES;
				GCC_WARN_UNINITIALIZED_AUTOS = YES_AGGRESSIVE;
				GCC_WARN_UNUSED_FUNCTION = YES;
				GCC_WARN_UNUSED_VARIABLE = YES;
				IPHONEOS_DEPLOYMENT_TARGET = 11.2;
				MTL_ENABLE_DEBUG_INFO = YES;
				ONLY_ACTIVE_ARCH = YES;
				SDKROOT = iphoneos;
				SWIFT_ACTIVE_COMPILATION_CONDITIONS = DEBUG;
				SWIFT_OPTIMIZATION_LEVEL = "-Onone";
			};
			name = Debug;
		};
		040A7C5420590BB00037E17A /* Release */ = {
			isa = XCBuildConfiguration;
			buildSettings = {
				ALWAYS_SEARCH_USER_PATHS = NO;
				CLANG_ANALYZER_NONNULL = YES;
				CLANG_ANALYZER_NUMBER_OBJECT_CONVERSION = YES_AGGRESSIVE;
				CLANG_CXX_LANGUAGE_STANDARD = "gnu++14";
				CLANG_CXX_LIBRARY = "libc++";
				CLANG_ENABLE_MODULES = YES;
				CLANG_ENABLE_OBJC_ARC = YES;
				CLANG_WARN_BLOCK_CAPTURE_AUTORELEASING = YES;
				CLANG_WARN_BOOL_CONVERSION = YES;
				CLANG_WARN_COMMA = YES;
				CLANG_WARN_CONSTANT_CONVERSION = YES;
				CLANG_WARN_DIRECT_OBJC_ISA_USAGE = YES_ERROR;
				CLANG_WARN_DOCUMENTATION_COMMENTS = YES;
				CLANG_WARN_EMPTY_BODY = YES;
				CLANG_WARN_ENUM_CONVERSION = YES;
				CLANG_WARN_INFINITE_RECURSION = YES;
				CLANG_WARN_INT_CONVERSION = YES;
				CLANG_WARN_NON_LITERAL_NULL_CONVERSION = YES;
				CLANG_WARN_OBJC_LITERAL_CONVERSION = YES;
				CLANG_WARN_OBJC_ROOT_CLASS = YES_ERROR;
				CLANG_WARN_RANGE_LOOP_ANALYSIS = YES;
				CLANG_WARN_STRICT_PROTOTYPES = YES;
				CLANG_WARN_SUSPICIOUS_MOVE = YES;
				CLANG_WARN_UNGUARDED_AVAILABILITY = YES_AGGRESSIVE;
				CLANG_WARN_UNREACHABLE_CODE = YES;
				CLANG_WARN__DUPLICATE_METHOD_MATCH = YES;
				CODE_SIGN_IDENTITY = "iPhone Developer";
				COPY_PHASE_STRIP = NO;
				DEBUG_INFORMATION_FORMAT = "dwarf-with-dsym";
				ENABLE_NS_ASSERTIONS = NO;
				ENABLE_STRICT_OBJC_MSGSEND = YES;
				GCC_C_LANGUAGE_STANDARD = gnu11;
				GCC_NO_COMMON_BLOCKS = YES;
				GCC_WARN_64_TO_32_BIT_CONVERSION = YES;
				GCC_WARN_ABOUT_RETURN_TYPE = YES_ERROR;
				GCC_WARN_UNDECLARED_SELECTOR = YES;
				GCC_WARN_UNINITIALIZED_AUTOS = YES_AGGRESSIVE;
				GCC_WARN_UNUSED_FUNCTION = YES;
				GCC_WARN_UNUSED_VARIABLE = YES;
				IPHONEOS_DEPLOYMENT_TARGET = 11.2;
				MTL_ENABLE_DEBUG_INFO = NO;
				SDKROOT = iphoneos;
				SWIFT_OPTIMIZATION_LEVEL = "-Owholemodule";
				VALIDATE_PRODUCT = YES;
			};
			name = Release;
		};
		040A7C5620590BB00037E17A /* Debug */ = {
			isa = XCBuildConfiguration;
			buildSettings = {
				ASSETCATALOG_COMPILER_APPICON_NAME = AppIcon;
				ASSETCATALOG_COMPILER_LAUNCHIMAGE_NAME = LaunchImage;
				CODE_SIGN_STYLE = Automatic;
				DEVELOPMENT_TEAM = KJ2S6KBYBK;
				INFOPLIST_FILE = "$(SRCROOT)/Lottery(彩票)/Support Files/Info.plist";
				IPHONEOS_DEPLOYMENT_TARGET = 11.0;
				LD_RUNPATH_SEARCH_PATHS = "$(inherited) @executable_path/Frameworks";
				PRODUCT_BUNDLE_IDENTIFIER = "com.modi.Lottery----";
				PRODUCT_NAME = "$(TARGET_NAME)";
				SWIFT_VERSION = 4.0;
				TARGETED_DEVICE_FAMILY = "1,2";
			};
			name = Debug;
		};
		040A7C5720590BB00037E17A /* Release */ = {
			isa = XCBuildConfiguration;
			buildSettings = {
				ASSETCATALOG_COMPILER_APPICON_NAME = AppIcon;
				ASSETCATALOG_COMPILER_LAUNCHIMAGE_NAME = LaunchImage;
				CODE_SIGN_STYLE = Automatic;
				DEVELOPMENT_TEAM = KJ2S6KBYBK;
				INFOPLIST_FILE = "$(SRCROOT)/Lottery(彩票)/Support Files/Info.plist";
				IPHONEOS_DEPLOYMENT_TARGET = 11.0;
				LD_RUNPATH_SEARCH_PATHS = "$(inherited) @executable_path/Frameworks";
				PRODUCT_BUNDLE_IDENTIFIER = "com.modi.Lottery----";
				PRODUCT_NAME = "$(TARGET_NAME)";
				SWIFT_VERSION = 4.0;
				TARGETED_DEVICE_FAMILY = "1,2";
			};
			name = Release;
		};
/* End XCBuildConfiguration section */

/* Begin XCConfigurationList section */
		040A7C3E20590BB00037E17A /* Build configuration list for PBXProject "Lottery(彩票)" */ = {
			isa = XCConfigurationList;
			buildConfigurations = (
				040A7C5320590BB00037E17A /* Debug */,
				040A7C5420590BB00037E17A /* Release */,
			);
			defaultConfigurationIsVisible = 0;
			defaultConfigurationName = Release;
		};
		040A7C5520590BB00037E17A /* Build configuration list for PBXNativeTarget "Lottery(彩票)" */ = {
			isa = XCConfigurationList;
			buildConfigurations = (
				040A7C5620590BB00037E17A /* Debug */,
				040A7C5720590BB00037E17A /* Release */,
			);
			defaultConfigurationIsVisible = 0;
			defaultConfigurationName = Release;
		};
/* End XCConfigurationList section */
	};
	rootObject = 040A7C3B20590BB00037E17A /* Project object */;
}
