// !$*UTF8*$!
{
	archiveVersion = 1;
	classes = {
	};
	objectVersion = 46;
	objects = {

/* Begin PBXBuildFile section */
		A66A3E841C24FDDB00C3BD6C /* main.m in Sources */ = {isa = PBXBuildFile; fileRef = A66A3E831C24FDDB00C3BD6C /* main.m */; };
		A66A3E871C24FDDB00C3BD6C /* AppDelegate.m in Sources */ = {isa = PBXBuildFile; fileRef = A66A3E861C24FDDB00C3BD6C /* AppDelegate.m */; };
		A66A3E8A1C24FDDB00C3BD6C /* ViewController.m in Sources */ = {isa = PBXBuildFile; fileRef = A66A3E891C24FDDB00C3BD6C /* ViewController.m */; };
		A66A3E8D1C24FDDB00C3BD6C /* Main.storyboard in Resources */ = {isa = PBXBuildFile; fileRef = A66A3E8B1C24FDDB00C3BD6C /* Main.storyboard */; };
		A66A3E8F1C24FDDB00C3BD6C /* Assets.xcassets in Resources */ = {isa = PBXBuildFile; fileRef = A66A3E8E1C24FDDB00C3BD6C /* Assets.xcassets */; };
		A66A3E921C24FDDB00C3BD6C /* LaunchScreen.storyboard in Resources */ = {isa = PBXBuildFile; fileRef = A66A3E901C24FDDB00C3BD6C /* LaunchScreen.storyboard */; };
/* End PBXBuildFile section */

/* Begin PBXFileReference section */
		A66A3E7F1C24FDDB00C3BD6C /* 05-国际化-sb.app */ = {isa = PBXFileReference; explicitFileType = wrapper.application; includeInIndex = 0; path = "05-国际化-sb.app"; sourceTree = BUILT_PRODUCTS_DIR; };
		A66A3E831C24FDDB00C3BD6C /* main.m */ = {isa = PBXFileReference; lastKnownFileType = sourcecode.c.objc; path = main.m; sourceTree = "<group>"; };
		A66A3E851C24FDDB00C3BD6C /* AppDelegate.h */ = {isa = PBXFileReference; lastKnownFileType = sourcecode.c.h; path = AppDelegate.h; sourceTree = "<group>"; };
		A66A3E861C24FDDB00C3BD6C /* AppDelegate.m */ = {isa = PBXFileReference; lastKnownFileType = sourcecode.c.objc; path = AppDelegate.m; sourceTree = "<group>"; };
		A66A3E881C24FDDB00C3BD6C /* ViewController.h */ = {isa = PBXFileReference; lastKnownFileType = sourcecode.c.h; path = ViewController.h; sourceTree = "<group>"; };
		A66A3E891C24FDDB00C3BD6C /* ViewController.m */ = {isa = PBXFileReference; lastKnownFileType = sourcecode.c.objc; path = ViewController.m; sourceTree = "<group>"; };
		A66A3E8C1C24FDDB00C3BD6C /* Base */ = {isa = PBXFileReference; lastKnownFileType = file.storyboard; name = Base; path = Base.lproj/Main.storyboard; sourceTree = "<group>"; };
		A66A3E8E1C24FDDB00C3BD6C /* Assets.xcassets */ = {isa = PBXFileReference; lastKnownFileType = folder.assetcatalog; path = Assets.xcassets; sourceTree = "<group>"; };
		A66A3E911C24FDDB00C3BD6C /* Base */ = {isa = PBXFileReference; lastKnownFileType = file.storyboard; name = Base; path = Base.lproj/LaunchScreen.storyboard; sourceTree = "<group>"; };
		A66A3E931C24FDDB00C3BD6C /* Info.plist */ = {isa = PBXFileReference; lastKnownFileType = text.plist.xml; path = Info.plist; sourceTree = "<group>"; };
		A66A3E9A1C24FE3100C3BD6C /* zh-Hans */ = {isa = PBXFileReference; lastKnownFileType = text.plist.strings; name = "zh-Hans"; path = "zh-Hans.lproj/LaunchScreen.strings"; sourceTree = "<group>"; };
		A66A3E9C1C24FE4E00C3BD6C /* en */ = {isa = PBXFileReference; lastKnownFileType = text.plist.strings; name = en; path = en.lproj/Main.strings; sourceTree = "<group>"; };
		A66A3E9E1C24FF2E00C3BD6C /* zh-Hans */ = {isa = PBXFileReference; lastKnownFileType = text.plist.strings; name = "zh-Hans"; path = "zh-Hans.lproj/Main.strings"; sourceTree = "<group>"; };
/* End PBXFileReference section */

/* Begin PBXFrameworksBuildPhase section */
		A66A3E7C1C24FDDB00C3BD6C /* Frameworks */ = {
			isa = PBXFrameworksBuildPhase;
			buildActionMask = 2147483647;
			files = (
			);
			runOnlyForDeploymentPostprocessing = 0;
		};
/* End PBXFrameworksBuildPhase section */

/* Begin PBXGroup section */
		A66A3E761C24FDDB00C3BD6C = {
			isa = PBXGroup;
			children = (
				A66A3E811C24FDDB00C3BD6C /* 05-国际化-sb */,
				A66A3E801C24FDDB00C3BD6C /* Products */,
			);
			sourceTree = "<group>";
		};
		A66A3E801C24FDDB00C3BD6C /* Products */ = {
			isa = PBXGroup;
			children = (
				A66A3E7F1C24FDDB00C3BD6C /* 05-国际化-sb.app */,
			);
			name = Products;
			sourceTree = "<group>";
		};
		A66A3E811C24FDDB00C3BD6C /* 05-国际化-sb */ = {
			isa = PBXGroup;
			children = (
				A66A3E851C24FDDB00C3BD6C /* AppDelegate.h */,
				A66A3E861C24FDDB00C3BD6C /* AppDelegate.m */,
				A66A3E881C24FDDB00C3BD6C /* ViewController.h */,
				A66A3E891C24FDDB00C3BD6C /* ViewController.m */,
				A66A3E8B1C24FDDB00C3BD6C /* Main.storyboard */,
				A66A3E8E1C24FDDB00C3BD6C /* Assets.xcassets */,
				A66A3E901C24FDDB00C3BD6C /* LaunchScreen.storyboard */,
				A66A3E931C24FDDB00C3BD6C /* Info.plist */,
				A66A3E821C24FDDB00C3BD6C /* Supporting Files */,
			);
			path = "05-国际化-sb";
			sourceTree = "<group>";
		};
		A66A3E821C24FDDB00C3BD6C /* Supporting Files */ = {
			isa = PBXGroup;
			children = (
				A66A3E831C24FDDB00C3BD6C /* main.m */,
			);
			name = "Supporting Files";
			sourceTree = "<group>";
		};
/* End PBXGroup section */

/* Begin PBXNativeTarget section */
		A66A3E7E1C24FDDB00C3BD6C /* 05-国际化-sb */ = {
			isa = PBXNativeTarget;
			buildConfigurationList = A66A3E961C24FDDB00C3BD6C /* Build configuration list for PBXNativeTarget "05-国际化-sb" */;
			buildPhases = (
				A66A3E7B1C24FDDB00C3BD6C /* Sources */,
				A66A3E7C1C24FDDB00C3BD6C /* Frameworks */,
				A66A3E7D1C24FDDB00C3BD6C /* Resources */,
			);
			buildRules = (
			);
			dependencies = (
			);
			name = "05-国际化-sb";
			productName = "05-国际化-sb";
			productReference = A66A3E7F1C24FDDB00C3BD6C /* 05-国际化-sb.app */;
			productType = "com.apple.product-type.application";
		};
/* End PBXNativeTarget section */

/* Begin PBXProject section */
		A66A3E771C24FDDB00C3BD6C /* Project object */ = {
			isa = PBXProject;
			attributes = {
				LastUpgradeCheck = 0700;
				ORGANIZATIONNAME = heima;
				TargetAttributes = {
					A66A3E7E1C24FDDB00C3BD6C = {
						CreatedOnToolsVersion = 7.0;
					};
				};
			};
			buildConfigurationList = A66A3E7A1C24FDDB00C3BD6C /* Build configuration list for PBXProject "05-国际化-sb" */;
			compatibilityVersion = "Xcode 3.2";
			developmentRegion = English;
			hasScannedForEncodings = 0;
			knownRegions = (
				en,
				Base,
				"zh-Hans",
			);
			mainGroup = A66A3E761C24FDDB00C3BD6C;
			productRefGroup = A66A3E801C24FDDB00C3BD6C /* Products */;
			projectDirPath = "";
			projectRoot = "";
			targets = (
				A66A3E7E1C24FDDB00C3BD6C /* 05-国际化-sb */,
			);
		};
/* End PBXProject section */

/* Begin PBXResourcesBuildPhase section */
		A66A3E7D1C24FDDB00C3BD6C /* Resources */ = {
			isa = PBXResourcesBuildPhase;
			buildActionMask = 2147483647;
			files = (
				A66A3E921C24FDDB00C3BD6C /* LaunchScreen.storyboard in Resources */,
				A66A3E8F1C24FDDB00C3BD6C /* Assets.xcassets in Resources */,
				A66A3E8D1C24FDDB00C3BD6C /* Main.storyboard in Resources */,
			);
			runOnlyForDeploymentPostprocessing = 0;
		};
/* End PBXResourcesBuildPhase section */

/* Begin PBXSourcesBuildPhase section */
		A66A3E7B1C24FDDB00C3BD6C /* Sources */ = {
			isa = PBXSourcesBuildPhase;
			buildActionMask = 2147483647;
			files = (
				A66A3E8A1C24FDDB00C3BD6C /* ViewController.m in Sources */,
				A66A3E871C24FDDB00C3BD6C /* AppDelegate.m in Sources */,
				A66A3E841C24FDDB00C3BD6C /* main.m in Sources */,
			);
			runOnlyForDeploymentPostprocessing = 0;
		};
/* End PBXSourcesBuildPhase section */

/* Begin PBXVariantGroup section */
		A66A3E8B1C24FDDB00C3BD6C /* Main.storyboard */ = {
			isa = PBXVariantGroup;
			children = (
				A66A3E8C1C24FDDB00C3BD6C /* Base */,
				A66A3E9C1C24FE4E00C3BD6C /* en */,
				A66A3E9E1C24FF2E00C3BD6C /* zh-Hans */,
			);
			name = Main.storyboard;
			sourceTree = "<group>";
		};
		A66A3E901C24FDDB00C3BD6C /* LaunchScreen.storyboard */ = {
			isa = PBXVariantGroup;
			children = (
				A66A3E911C24FDDB00C3BD6C /* Base */,
				A66A3E9A1C24FE3100C3BD6C /* zh-Hans */,
			);
			name = LaunchScreen.storyboard;
			sourceTree = "<group>";
		};
/* End PBXVariantGroup section */

/* Begin XCBuildConfiguration section */
		A66A3E941C24FDDB00C3BD6C /* Debug */ = {
			isa = XCBuildConfiguration;
			buildSettings = {
				ALWAYS_SEARCH_USER_PATHS = NO;
				CLANG_CXX_LANGUAGE_STANDARD = "gnu++0x";
				CLANG_CXX_LIBRARY = "libc++";
				CLANG_ENABLE_MODULES = YES;
				CLANG_ENABLE_OBJC_ARC = YES;
				CLANG_WARN_BOOL_CONVERSION = YES;
				CLANG_WARN_CONSTANT_CONVERSION = YES;
				CLANG_WARN_DIRECT_OBJC_ISA_USAGE = YES_ERROR;
				CLANG_WARN_EMPTY_BODY = YES;
				CLANG_WARN_ENUM_CONVERSION = YES;
				CLANG_WARN_INT_CONVERSION = YES;
				CLANG_WARN_OBJC_ROOT_CLASS = YES_ERROR;
				CLANG_WARN_UNREACHABLE_CODE = YES;
				CLANG_WARN__DUPLICATE_METHOD_MATCH = YES;
				"CODE_SIGN_IDENTITY[sdk=iphoneos*]" = "iPhone Developer";
				COPY_PHASE_STRIP = NO;
				DEBUG_INFORMATION_FORMAT = dwarf;
				ENABLE_STRICT_OBJC_MSGSEND = YES;
				ENABLE_TESTABILITY = YES;
				GCC_C_LANGUAGE_STANDARD = gnu99;
				GCC_DYNAMIC_NO_PIC = NO;
				GCC_NO_COMMON_BLOCKS = YES;
				GCC_OPTIMIZATION_LEVEL = 0;
				GCC_PREPROCESSOR_DEFINITIONS = (
					"DEBUG=1",
					"$(inherited)",
				);
				GCC_WARN_64_TO_32_BIT_CONVERSION = YES;
				GCC_WARN_ABOUT_RETURN_TYPE = YES_ERROR;
				GCC_WARN_UNDECLARED_SELECTOR = YES;
				GCC_WARN_UNINITIALIZED_AUTOS = YES_AGGRESSIVE;
				GCC_WARN_UNUSED_FUNCTION = YES;
				GCC_WARN_UNUSED_VARIABLE = YES;
				IPHONEOS_DEPLOYMENT_TARGET = 9.0;
				MTL_ENABLE_DEBUG_INFO = YES;
				ONLY_ACTIVE_ARCH = YES;
				SDKROOT = iphoneos;
			};
			name = Debug;
		};
		A66A3E951C24FDDB00C3BD6C /* Release */ = {
			isa = XCBuildConfiguration;
			buildSettings = {
				ALWAYS_SEARCH_USER_PATHS = NO;
				CLANG_CXX_LANGUAGE_STANDARD = "gnu++0x";
				CLANG_CXX_LIBRARY = "libc++";
				CLANG_ENABLE_MODULES = YES;
				CLANG_ENABLE_OBJC_ARC = YES;
				CLANG_WARN_BOOL_CONVERSION = YES;
				CLANG_WARN_CONSTANT_CONVERSION = YES;
				CLANG_WARN_DIRECT_OBJC_ISA_USAGE = YES_ERROR;
				CLANG_WARN_EMPTY_BODY = YES;
				CLANG_WARN_ENUM_CONVERSION = YES;
				CLANG_WARN_INT_CONVERSION = YES;
				CLANG_WARN_OBJC_ROOT_CLASS = YES_ERROR;
				CLANG_WARN_UNREACHABLE_CODE = YES;
				CLANG_WARN__DUPLICATE_METHOD_MATCH = YES;
				"CODE_SIGN_IDENTITY[sdk=iphoneos*]" = "iPhone Developer";
				COPY_PHASE_STRIP = NO;
				DEBUG_INFORMATION_FORMAT = "dwarf-with-dsym";
				ENABLE_NS_ASSERTIONS = NO;
				ENABLE_STRICT_OBJC_MSGSEND = YES;
				GCC_C_LANGUAGE_STANDARD = gnu99;
				GCC_NO_COMMON_BLOCKS = YES;
				GCC_WARN_64_TO_32_BIT_CONVERSION = YES;
				GCC_WARN_ABOUT_RETURN_TYPE = YES_ERROR;
				GCC_WARN_UNDECLARED_SELECTOR = YES;
				GCC_WARN_UNINITIALIZED_AUTOS = YES_AGGRESSIVE;
				GCC_WARN_UNUSED_FUNCTION = YES;
				GCC_WARN_UNUSED_VARIABLE = YES;
				IPHONEOS_DEPLOYMENT_TARGET = 9.0;
				MTL_ENABLE_DEBUG_INFO = NO;
				SDKROOT = iphoneos;
				VALIDATE_PRODUCT = YES;
			};
			name = Release;
		};
		A66A3E971C24FDDB00C3BD6C /* Debug */ = {
			isa = XCBuildConfiguration;
			buildSettings = {
				ASSETCATALOG_COMPILER_APPICON_NAME = AppIcon;
				INFOPLIST_FILE = "05-国际化-sb/Info.plist";
				LD_RUNPATH_SEARCH_PATHS = "$(inherited) @executable_path/Frameworks";
				PRODUCT_BUNDLE_IDENTIFIER = "com.itheima.-5-----sb";
				PRODUCT_NAME = "$(TARGET_NAME)";
			};
			name = Debug;
		};
		A66A3E981C24FDDB00C3BD6C /* Release */ = {
			isa = XCBuildConfiguration;
			buildSettings = {
				ASSETCATALOG_COMPILER_APPICON_NAME = AppIcon;
				INFOPLIST_FILE = "05-国际化-sb/Info.plist";
				LD_RUNPATH_SEARCH_PATHS = "$(inherited) @executable_path/Frameworks";
				PRODUCT_BUNDLE_IDENTIFIER = "com.itheima.-5-----sb";
				PRODUCT_NAME = "$(TARGET_NAME)";
			};
			name = Release;
		};
/* End XCBuildConfiguration section */

/* Begin XCConfigurationList section */
		A66A3E7A1C24FDDB00C3BD6C /* Build configuration list for PBXProject "05-国际化-sb" */ = {
			isa = XCConfigurationList;
			buildConfigurations = (
				A66A3E941C24FDDB00C3BD6C /* Debug */,
				A66A3E951C24FDDB00C3BD6C /* Release */,
			);
			defaultConfigurationIsVisible = 0;
			defaultConfigurationName = Release;
		};
		A66A3E961C24FDDB00C3BD6C /* Build configuration list for PBXNativeTarget "05-国际化-sb" */ = {
			isa = XCConfigurationList;
			buildConfigurations = (
				A66A3E971C24FDDB00C3BD6C /* Debug */,
				A66A3E981C24FDDB00C3BD6C /* Release */,
			);
			defaultConfigurationIsVisible = 0;
		};
/* End XCConfigurationList section */
	};
	rootObject = A66A3E771C24FDDB00C3BD6C /* Project object */;
}
